<?xml version="1.0" encoding="utf-8"?>
<Project ToolsVersion="4.0" xmlns="http://schemas.microsoft.com/developer/msbuild/2003">
  <ItemGroup>
    <Filter Include="Mode">
      <UniqueIdentifier>{611c9c0c-7d4c-46c6-b288-b128ca5f413b}</UniqueIdentifier>
    </Filter>
    <Filter Include="SDK">
      <UniqueIdentifier>{a01a7eed-010b-4b22-8800-28f7243c1ebf}</UniqueIdentifier>
    </Filter>
    <Filter Include="Main">
      <UniqueIdentifier>{4FC737F1-C7A5-4376-A066-2A32D752A2FF}</UniqueIdentifier>
      <Extensions>cpp;c;cc;cxx;def;odl;idl;hpj;bat;asm;asmx</Extensions>
    </Filter>
    <Filter Include="Common">
      <UniqueIdentifier>{93995380-89BD-4b04-88EB-625FBE52EBFB}</UniqueIdentifier>
      <Extensions>h;hh;hpp;hxx;hm;inl;inc;xsd</Extensions>
    </Filter>
    <Filter Include="Events">
      <UniqueIdentifier>{67b4f8ca-52b3-4bf9-9535-4e7d5282ce83}</UniqueIdentifier>
    </Filter>
  </ItemGroup>
  <ItemGroup>
    <ClInclude Include="Extensions.h">
      <Filter>Common</Filter>
    </ClInclude>
    <ClInclude Include="Combo.h">
      <Filter>Mode</Filter>
    </ClInclude>
    <ClInclude Include="Harass.h">
      <Filter>Mode</Filter>
    </ClInclude>
    <ClInclude Include="LaneClear.h">
      <Filter>Mode</Filter>
    </ClInclude>
    <ClInclude Include="JungleClear.h">
      <Filter>Mode</Filter>
    </ClInclude>
    <ClInclude Include="Flee.h">
      <Filter>Mode</Filter>
    </ClInclude>
    <ClInclude Include="RivenOption.h">
      <Filter>Common</Filter>
    </ClInclude>
    <ClInclude Include="LPPConstants.h">
      <Filter>SDK</Filter>
    </ClInclude>
    <ClInclude Include="PluginData.h">
      <Filter>SDK</Filter>
    </ClInclude>
    <ClInclude Include="PluginSDK.h">
      <Filter>SDK</Filter>
    </ClInclude>
    <ClInclude Include="Vector3.h">
      <Filter>SDK</Filter>
    </ClInclude>
    <ClInclude Include="AnimationCancel.h">
      <Filter>Common</Filter>
    </ClInclude>
    <ClInclude Include="OnPlayAnimation.h">
      <Filter>Events</Filter>
    </ClInclude>
    <ClInclude Include="OnInterrupt.h">
      <Filter>Events</Filter>
    </ClInclude>
    <ClInclude Include="OnGapcloser.h">
      <Filter>Events</Filter>
    </ClInclude>
    <ClInclude Include="OnSpellCast.h">
      <Filter>Events</Filter>
    </ClInclude>
    <ClInclude Include="OnDoCast.h">
      <Filter>Events</Filter>
    </ClInclude>
    <ClInclude Include="Burst.h">
      <Filter>Mode</Filter>
    </ClInclude>
    <ClInclude Include="OnAfterAttack.h">
      <Filter>Events</Filter>
    </ClInclude>
    <ClInclude Include="OnUpdate.h">
      <Filter>Events</Filter>
    </ClInclude>
    <ClInclude Include="OnRender.h">
      <Filter>Events</Filter>
    </ClInclude>
    <ClInclude Include="KillSteal.h">
      <Filter>Mode</Filter>
    </ClInclude>
  </ItemGroup>
  <ItemGroup>
    <ClCompile Include="TakoRiven.cpp">
      <Filter>Main</Filter>
    </ClCompile>
    <ClCompile Include="PluginSDK.cpp">
      <Filter>SDK</Filter>
    </ClCompile>
  </ItemGroup>
  <ItemGroup>
    <None Include="ClassDiagram.cd" />
  </ItemGroup>
</Project>